
Microsoft Visual Studio Solution File, Format Version 12.00
# Visual Studio 15
VisualStudioVersion = 15.0.27428.2015
MinimumVisualStudioVersion = 10.0.40219.1
Project("{FAE04EC0-301F-11D3-BF4B-00C04F79EFBC}") = "Jockey.App.Android", "Jockey.App\Jockey.App.Android\Jockey.App.Android.csproj", "{B89F9A25-04D4-4B2A-BD70-E0C585EB117C}"
EndProject
Project("{FAE04EC0-301F-11D3-BF4B-00C04F79EFBC}") = "Jockey.App.iOS", "Jockey.App\Jockey.App.iOS\Jockey.App.iOS.csproj", "{712419E2-A98D-4C22-8873-0F76687055A0}"
EndProject
Project("{FAE04EC0-301F-11D3-BF4B-00C04F79EFBC}") = "Jockey.App", "Jockey.App\Jockey.App\Jockey.App.csproj", "{23C259DC-763F-4586-9B0A-C0A822A2B43A}"
EndProject
Global
	GlobalSection(SolutionConfigurationPlatforms) = preSolution
		Ad-Hoc|Any CPU = Ad-Hoc|Any CPU
		Ad-Hoc|iPhone = Ad-Hoc|iPhone
		Ad-Hoc|iPhoneSimulator = Ad-Hoc|iPhoneSimulator
		AppStore|Any CPU = AppStore|Any CPU
		AppStore|iPhone = AppStore|iPhone
		AppStore|iPhoneSimulator = AppStore|iPhoneSimulator
		Debug|Any CPU = Debug|Any CPU
		Debug|iPhone = Debug|iPhone
		Debug|iPhoneSimulator = Debug|iPhoneSimulator
		Release|Any CPU = Release|Any CPU
		Release|iPhone = Release|iPhone
		Release|iPhoneSimulator = Release|iPhoneSimulator
	EndGlobalSection
	GlobalSection(ProjectConfigurationPlatforms) = postSolution
		{B89F9A25-04D4-4B2A-BD70-E0C585EB117C}.Ad-Hoc|Any CPU.ActiveCfg = Release|Any CPU
		{B89F9A25-04D4-4B2A-BD70-E0C585EB117C}.Ad-Hoc|Any CPU.Build.0 = Release|Any CPU
		{B89F9A25-04D4-4B2A-BD70-E0C585EB117C}.Ad-Hoc|Any CPU.Deploy.0 = Release|Any CPU
		{B89F9A25-04D4-4B2A-BD70-E0C585EB117C}.Ad-Hoc|iPhone.ActiveCfg = Release|Any CPU
		{B89F9A25-04D4-4B2A-BD70-E0C585EB117C}.Ad-Hoc|iPhone.Build.0 = Release|Any CPU
		{B89F9A25-04D4-4B2A-BD70-E0C585EB117C}.Ad-Hoc|iPhone.Deploy.0 = Release|Any CPU
		{B89F9A25-04D4-4B2A-BD70-E0C585EB117C}.Ad-Hoc|iPhoneSimulator.ActiveCfg = Release|Any CPU
		{B89F9A25-04D4-4B2A-BD70-E0C585EB117C}.Ad-Hoc|iPhoneSimulator.Build.0 = Release|Any CPU
		{B89F9A25-04D4-4B2A-BD70-E0C585EB117C}.Ad-Hoc|iPhoneSimulator.Deploy.0 = Release|Any CPU
		{B89F9A25-04D4-4B2A-BD70-E0C585EB117C}.AppStore|Any CPU.ActiveCfg = Release|Any CPU
		{B89F9A25-04D4-4B2A-BD70-E0C585EB117C}.AppStore|Any CPU.Build.0 = Release|Any CPU
		{B89F9A25-04D4-4B2A-BD70-E0C585EB117C}.AppStore|Any CPU.Deploy.0 = Release|Any CPU
		{B89F9A25-04D4-4B2A-BD70-E0C585EB117C}.AppStore|iPhone.ActiveCfg = Release|Any CPU
		{B89F9A25-04D4-4B2A-BD70-E0C585EB117C}.AppStore|iPhone.Build.0 = Release|Any CPU
		{B89F9A25-04D4-4B2A-BD70-E0C585EB117C}.AppStore|iPhone.Deploy.0 = Release|Any CPU
		{B89F9A25-04D4-4B2A-BD70-E0C585EB117C}.AppStore|iPhoneSimulator.ActiveCfg = Release|Any CPU
		{B89F9A25-04D4-4B2A-BD70-E0C585EB117C}.AppStore|iPhoneSimulator.Build.0 = Release|Any CPU
		{B89F9A25-04D4-4B2A-BD70-E0C585EB117C}.AppStore|iPhoneSimulator.Deploy.0 = Release|Any CPU
		{B89F9A25-04D4-4B2A-BD70-E0C585EB117C}.Debug|Any CPU.ActiveCfg = Debug|Any CPU
		{B89F9A25-04D4-4B2A-BD70-E0C585EB117C}.Debug|Any CPU.Build.0 = Debug|Any CPU
		{B89F9A25-04D4-4B2A-BD70-E0C585EB117C}.Debug|Any CPU.Deploy.0 = Debug|Any CPU
		{B89F9A25-04D4-4B2A-BD70-E0C585EB117C}.Debug|iPhone.ActiveCfg = Debug|Any CPU
		{B89F9A25-04D4-4B2A-BD70-E0C585EB117C}.Debug|iPhone.Build.0 = Debug|Any CPU
		{B89F9A25-04D4-4B2A-BD70-E0C585EB117C}.Debug|iPhone.Deploy.0 = Debug|Any CPU
		{B89F9A25-04D4-4B2A-BD70-E0C585EB117C}.Debug|iPhoneSimulator.ActiveCfg = Debug|Any CPU
		{B89F9A25-04D4-4B2A-BD70-E0C585EB117C}.Debug|iPhoneSimulator.Build.0 = Debug|Any CPU
		{B89F9A25-04D4-4B2A-BD70-E0C585EB117C}.Debug|iPhoneSimulator.Deploy.0 = Debug|Any CPU
		{B89F9A25-04D4-4B2A-BD70-E0C585EB117C}.Release|Any CPU.ActiveCfg = Release|Any CPU
		{B89F9A25-04D4-4B2A-BD70-E0C585EB117C}.Release|Any CPU.Build.0 = Release|Any CPU
		{B89F9A25-04D4-4B2A-BD70-E0C585EB117C}.Release|Any CPU.Deploy.0 = Release|Any CPU
		{B89F9A25-04D4-4B2A-BD70-E0C585EB117C}.Release|iPhone.ActiveCfg = Release|Any CPU
		{B89F9A25-04D4-4B2A-BD70-E0C585EB117C}.Release|iPhone.Build.0 = Release|Any CPU
		{B89F9A25-04D4-4B2A-BD70-E0C585EB117C}.Release|iPhone.Deploy.0 = Release|Any CPU
		{B89F9A25-04D4-4B2A-BD70-E0C585EB117C}.Release|iPhoneSimulator.ActiveCfg = Release|Any CPU
		{B89F9A25-04D4-4B2A-BD70-E0C585EB117C}.Release|iPhoneSimulator.Build.0 = Release|Any CPU
		{B89F9A25-04D4-4B2A-BD70-E0C585EB117C}.Release|iPhoneSimulator.Deploy.0 = Release|Any CPU
		{712419E2-A98D-4C22-8873-0F76687055A0}.Ad-Hoc|Any CPU.ActiveCfg = Ad-Hoc|iPhone
		{712419E2-A98D-4C22-8873-0F76687055A0}.Ad-Hoc|iPhone.ActiveCfg = Ad-Hoc|iPhone
		{712419E2-A98D-4C22-8873-0F76687055A0}.Ad-Hoc|iPhone.Build.0 = Ad-Hoc|iPhone
		{712419E2-A98D-4C22-8873-0F76687055A0}.Ad-Hoc|iPhoneSimulator.ActiveCfg = Ad-Hoc|iPhoneSimulator
		{712419E2-A98D-4C22-8873-0F76687055A0}.Ad-Hoc|iPhoneSimulator.Build.0 = Ad-Hoc|iPhoneSimulator
		{712419E2-A98D-4C22-8873-0F76687055A0}.AppStore|Any CPU.ActiveCfg = AppStore|iPhone
		{712419E2-A98D-4C22-8873-0F76687055A0}.AppStore|iPhone.ActiveCfg = AppStore|iPhone
		{712419E2-A98D-4C22-8873-0F76687055A0}.AppStore|iPhone.Build.0 = AppStore|iPhone
		{712419E2-A98D-4C22-8873-0F76687055A0}.AppStore|iPhoneSimulator.ActiveCfg = AppStore|iPhoneSimulator
		{712419E2-A98D-4C22-8873-0F76687055A0}.AppStore|iPhoneSimulator.Build.0 = AppStore|iPhoneSimulator
		{712419E2-A98D-4C22-8873-0F76687055A0}.Debug|Any CPU.ActiveCfg = Debug|iPhone
		{712419E2-A98D-4C22-8873-0F76687055A0}.Debug|iPhone.ActiveCfg = Debug|iPhone
		{712419E2-A98D-4C22-8873-0F76687055A0}.Debug|iPhone.Build.0 = Debug|iPhone
		{712419E2-A98D-4C22-8873-0F76687055A0}.Debug|iPhoneSimulator.ActiveCfg = Debug|iPhoneSimulator
		{712419E2-A98D-4C22-8873-0F76687055A0}.Debug|iPhoneSimulator.Build.0 = Debug|iPhoneSimulator
		{712419E2-A98D-4C22-8873-0F76687055A0}.Release|Any CPU.ActiveCfg = Release|iPhone
		{712419E2-A98D-4C22-8873-0F76687055A0}.Release|iPhone.ActiveCfg = Release|iPhone
		{712419E2-A98D-4C22-8873-0F76687055A0}.Release|iPhone.Build.0 = Release|iPhone
		{712419E2-A98D-4C22-8873-0F76687055A0}.Release|iPhoneSimulator.ActiveCfg = Release|iPhoneSimulator
		{712419E2-A98D-4C22-8873-0F76687055A0}.Release|iPhoneSimulator.Build.0 = Release|iPhoneSimulator
		{23C259DC-763F-4586-9B0A-C0A822A2B43A}.Ad-Hoc|Any CPU.ActiveCfg = Debug|Any CPU
		{23C259DC-763F-4586-9B0A-C0A822A2B43A}.Ad-Hoc|Any CPU.Build.0 = Debug|Any CPU
		{23C259DC-763F-4586-9B0A-C0A822A2B43A}.Ad-Hoc|iPhone.ActiveCfg = Debug|Any CPU
		{23C259DC-763F-4586-9B0A-C0A822A2B43A}.Ad-Hoc|iPhone.Build.0 = Debug|Any CPU
		{23C259DC-763F-4586-9B0A-C0A822A2B43A}.Ad-Hoc|iPhoneSimulator.ActiveCfg = Debug|Any CPU
		{23C259DC-763F-4586-9B0A-C0A822A2B43A}.Ad-Hoc|iPhoneSimulator.Build.0 = Debug|Any CPU
		{23C259DC-763F-4586-9B0A-C0A822A2B43A}.AppStore|Any CPU.ActiveCfg = Debug|Any CPU
		{23C259DC-763F-4586-9B0A-C0A822A2B43A}.AppStore|Any CPU.Build.0 = Debug|Any CPU
		{23C259DC-763F-4586-9B0A-C0A822A2B43A}.AppStore|iPhone.ActiveCfg = Debug|Any CPU
		{23C259DC-763F-4586-9B0A-C0A822A2B43A}.AppStore|iPhone.Build.0 = Debug|Any CPU
		{23C259DC-763F-4586-9B0A-C0A822A2B43A}.AppStore|iPhoneSimulator.ActiveCfg = Debug|Any CPU
		{23C259DC-763F-4586-9B0A-C0A822A2B43A}.AppStore|iPhoneSimulator.Build.0 = Debug|Any CPU
		{23C259DC-763F-4586-9B0A-C0A822A2B43A}.Debug|Any CPU.ActiveCfg = Debug|Any CPU
		{23C259DC-763F-4586-9B0A-C0A822A2B43A}.Debug|Any CPU.Build.0 = Debug|Any CPU
		{23C259DC-763F-4586-9B0A-C0A822A2B43A}.Debug|iPhone.ActiveCfg = Debug|Any CPU
		{23C259DC-763F-4586-9B0A-C0A822A2B43A}.Debug|iPhone.Build.0 = Debug|Any CPU
		{23C259DC-763F-4586-9B0A-C0A822A2B43A}.Debug|iPhoneSimulator.ActiveCfg = Debug|Any CPU
		{23C259DC-763F-4586-9B0A-C0A822A2B43A}.Debug|iPhoneSimulator.Build.0 = Debug|Any CPU
		{23C259DC-763F-4586-9B0A-C0A822A2B43A}.Release|Any CPU.ActiveCfg = Release|Any CPU
		{23C259DC-763F-4586-9B0A-C0A822A2B43A}.Release|Any CPU.Build.0 = Release|Any CPU
		{23C259DC-763F-4586-9B0A-C0A822A2B43A}.Release|iPhone.ActiveCfg = Release|Any CPU
		{23C259DC-763F-4586-9B0A-C0A822A2B43A}.Release|iPhone.Build.0 = Release|Any CPU
		{23C259DC-763F-4586-9B0A-C0A822A2B43A}.Release|iPhoneSimulator.ActiveCfg = Release|Any CPU
		{23C259DC-763F-4586-9B0A-C0A822A2B43A}.Release|iPhoneSimulator.Build.0 = Release|Any CPU
	EndGlobalSection
	GlobalSection(SolutionProperties) = preSolution
		HideSolutionNode = FALSE
	EndGlobalSection
	GlobalSection(ExtensibilityGlobals) = postSolution
		SolutionGuid = {B8441746-33AD-4DD5-BC01-971AB578959C}
	EndGlobalSection
EndGlobal
